
Microsoft Visual Studio Solution File, Format Version 12.00
Project("{FAE04EC0-301F-11D3-BF4B-00C04F79EFBC}") = "Client", "Client\Client.csproj", "{20C085F5-09D1-4C23-9841-91B309A4EBC1}"
EndProject
Project("{FAE04EC0-301F-11D3-BF4B-00C04F79EFBC}") = "Core", "Core\Core.csproj", "{53596282-698B-408D-B795-4E845963D68F}"
EndProject
Global
	GlobalSection(SolutionConfigurationPlatforms) = preSolution
		Debug|Any CPU = Debug|Any CPU
		Release|Any CPU = Release|Any CPU
	EndGlobalSection
	GlobalSection(ProjectConfigurationPlatforms) = postSolution
		{20C085F5-09D1-4C23-9841-91B309A4EBC1}.Debug|Any CPU.ActiveCfg = Debug|Any CPU
		{20C085F5-09D1-4C23-9841-91B309A4EBC1}.Debug|Any CPU.Build.0 = Debug|Any CPU
		{20C085F5-09D1-4C23-9841-91B309A4EBC1}.Release|Any CPU.ActiveCfg = Release|Any CPU
		{20C085F5-09D1-4C23-9841-91B309A4EBC1}.Release|Any CPU.Build.0 = Release|Any CPU
		{53596282-698B-408D-B795-4E845963D68F}.Debug|Any CPU.ActiveCfg = Debug|Any CPU
		{53596282-698B-408D-B795-4E845963D68F}.Debug|Any CPU.Build.0 = Debug|Any CPU
		{53596282-698B-408D-B795-4E845963D68F}.Release|Any CPU.ActiveCfg = Release|Any CPU
		{53596282-698B-408D-B795-4E845963D68F}.Release|Any CPU.Build.0 = Release|Any CPU
	EndGlobalSection
EndGlobal
